{
  "name": "seekmejs",
  "version": "1.0.4",
  "lockfileVersion": 2,
  "requires": true,
  "packages": {
    "": {
      "name": "seekmejs",
      "version": "1.0.4",
      "license": "ISC",
      "dependencies": {
        "seekmejs": "^1.0.0"
      }
    },
    "node_modules/seekmejs": {
      "version": "1.0.0",
      "resolved": "https://registry.npmjs.org/seekmejs/-/seekmejs-1.0.0.tgz",
      "integrity": "sha512-aRyVjDxI1mtxK/Dj+QdRJGDLNHYrTng22YQfabVp4Np+0Z/H1X8H8hifxBUDr2IBzrjzkZA2I7NfJoQEB435rQ=="
    }
  },
  "dependencies": {
    "seekmejs": {
      "version": "1.0.0",
      "resolved": "https://registry.npmjs.org/seekmejs/-/seekmejs-1.0.0.tgz",
      "integrity": "sha512-aRyVjDxI1mtxK/Dj+QdRJGDLNHYrTng22YQfabVp4Np+0Z/H1X8H8hifxBUDr2IBzrjzkZA2I7NfJoQEB435rQ=="
    }
  }
}
